
Microsoft Visual Studio Solution File, Format Version 12.00
# Visual Studio Version 17
VisualStudioVersion = 17.0.32112.339
MinimumVisualStudioVersion = 10.0.40219.1
Project("{9A19103F-16F7-4668-BE54-9A1E7A4F7556}") = "JsonFaker", "JsonFaker\JsonFaker.csproj", "{DD6FEA3C-153B-41C2-890D-799D9F881AFC}"
EndProject
Project("{FAE04EC0-301F-11D3-BF4B-00C04F79EFBC}") = "JsonFaker.TypeGenerators", "JsonFaker.TypeGenerators\JsonFaker.TypeGenerators.csproj", "{31FCBFBD-79F1-43B5-A371-78F11E0C774D}"
EndProject
Project("{FAE04EC0-301F-11D3-BF4B-00C04F79EFBC}") = "JsonFaker.Parsers", "JsonFaker.Parsers\JsonFaker.Parsers.csproj", "{77BE917E-A7B7-45A0-9788-F9C96209AA63}"
EndProject
Project("{FAE04EC0-301F-11D3-BF4B-00C04F79EFBC}") = "JsonFaker.Tester", "JsonFaker.Tester\JsonFaker.Tester.csproj", "{8DD64CD8-5CFE-406E-8096-DACFE4013077}"
EndProject
Project("{FAE04EC0-301F-11D3-BF4B-00C04F79EFBC}") = "JsonFaker.Models", "JsonFaker.Models\JsonFaker.Models.csproj", "{C355BE82-E2E6-4B65-AC50-71F22D6351EC}"
EndProject
Project("{FAE04EC0-301F-11D3-BF4B-00C04F79EFBC}") = "JsonFaker.Parsers.Tests", "JsonFaker.Parsers.Tests\JsonFaker.Parsers.Tests.csproj", "{31A2AFF4-7A94-4C95-9AF8-930F4A0124A4}"
EndProject
Global
	GlobalSection(SolutionConfigurationPlatforms) = preSolution
		Debug|Any CPU = Debug|Any CPU
		Release|Any CPU = Release|Any CPU
	EndGlobalSection
	GlobalSection(ProjectConfigurationPlatforms) = postSolution
		{DD6FEA3C-153B-41C2-890D-799D9F881AFC}.Debug|Any CPU.ActiveCfg = Debug|Any CPU
		{DD6FEA3C-153B-41C2-890D-799D9F881AFC}.Debug|Any CPU.Build.0 = Debug|Any CPU
		{DD6FEA3C-153B-41C2-890D-799D9F881AFC}.Release|Any CPU.ActiveCfg = Release|Any CPU
		{DD6FEA3C-153B-41C2-890D-799D9F881AFC}.Release|Any CPU.Build.0 = Release|Any CPU
		{31FCBFBD-79F1-43B5-A371-78F11E0C774D}.Debug|Any CPU.ActiveCfg = Debug|Any CPU
		{31FCBFBD-79F1-43B5-A371-78F11E0C774D}.Debug|Any CPU.Build.0 = Debug|Any CPU
		{31FCBFBD-79F1-43B5-A371-78F11E0C774D}.Release|Any CPU.ActiveCfg = Release|Any CPU
		{31FCBFBD-79F1-43B5-A371-78F11E0C774D}.Release|Any CPU.Build.0 = Release|Any CPU
		{77BE917E-A7B7-45A0-9788-F9C96209AA63}.Debug|Any CPU.ActiveCfg = Debug|Any CPU
		{77BE917E-A7B7-45A0-9788-F9C96209AA63}.Debug|Any CPU.Build.0 = Debug|Any CPU
		{77BE917E-A7B7-45A0-9788-F9C96209AA63}.Release|Any CPU.ActiveCfg = Release|Any CPU
		{77BE917E-A7B7-45A0-9788-F9C96209AA63}.Release|Any CPU.Build.0 = Release|Any CPU
		{8DD64CD8-5CFE-406E-8096-DACFE4013077}.Debug|Any CPU.ActiveCfg = Debug|Any CPU
		{8DD64CD8-5CFE-406E-8096-DACFE4013077}.Debug|Any CPU.Build.0 = Debug|Any CPU
		{8DD64CD8-5CFE-406E-8096-DACFE4013077}.Release|Any CPU.ActiveCfg = Release|Any CPU
		{8DD64CD8-5CFE-406E-8096-DACFE4013077}.Release|Any CPU.Build.0 = Release|Any CPU
		{C355BE82-E2E6-4B65-AC50-71F22D6351EC}.Debug|Any CPU.ActiveCfg = Debug|Any CPU
		{C355BE82-E2E6-4B65-AC50-71F22D6351EC}.Debug|Any CPU.Build.0 = Debug|Any CPU
		{C355BE82-E2E6-4B65-AC50-71F22D6351EC}.Release|Any CPU.ActiveCfg = Release|Any CPU
		{C355BE82-E2E6-4B65-AC50-71F22D6351EC}.Release|Any CPU.Build.0 = Release|Any CPU
		{31A2AFF4-7A94-4C95-9AF8-930F4A0124A4}.Debug|Any CPU.ActiveCfg = Debug|Any CPU
		{31A2AFF4-7A94-4C95-9AF8-930F4A0124A4}.Debug|Any CPU.Build.0 = Debug|Any CPU
		{31A2AFF4-7A94-4C95-9AF8-930F4A0124A4}.Release|Any CPU.ActiveCfg = Release|Any CPU
		{31A2AFF4-7A94-4C95-9AF8-930F4A0124A4}.Release|Any CPU.Build.0 = Release|Any CPU
	EndGlobalSection
	GlobalSection(SolutionProperties) = preSolution
		HideSolutionNode = FALSE
	EndGlobalSection
	GlobalSection(ExtensibilityGlobals) = postSolution
		SolutionGuid = {A3B1E386-3F30-4735-96E1-500776E9B526}
	EndGlobalSection
EndGlobal
